
Microsoft Visual Studio Solution File, Format Version 12.00
# Visual Studio Version 17
VisualStudioVersion = 17.4.33213.308
MinimumVisualStudioVersion = 10.0.40219.1
Project("{9A19103F-16F7-4668-BE54-9A1E7A4F7556}") = "Shadowsocks", "Shadowsocks-Net\Shadowsocks\Shadowsocks.csproj", "{98E254E6-56C8-442D-BCE2-D4DEBF88FC61}"
EndProject
Project("{9A19103F-16F7-4668-BE54-9A1E7A4F7556}") = "ShadowsocksTest", "Shadowsocks-Net\ShadowsocksTest\ShadowsocksTest.csproj", "{407960E1-7A71-4378-89D5-87B2D957F851}"
EndProject
Project("{9A19103F-16F7-4668-BE54-9A1E7A4F7556}") = "Shadowsocks.Infrastructure", "Shadowsocks-Net\Shadowsocks.Infrastructure\Shadowsocks.Infrastructure.csproj", "{7570133C-F669-41E2-9F79-EF5D4CAF4225}"
EndProject
Project("{9A19103F-16F7-4668-BE54-9A1E7A4F7556}") = "Shadowsocks.Cryptography", "Shadowsocks-Net\Shadowsocks.Cryptography\Shadowsocks.Cryptography.csproj", "{D12EAD12-A05B-4608-B63B-A6B1D9EEA9D0}"
EndProject
Project("{9A19103F-16F7-4668-BE54-9A1E7A4F7556}") = "Shadowsocks-Minimal-Crossplatform-Local", "Shadowsocks-Net\Minimal\Shadowsocks-Minimal-CrossPlatform-Local\Shadowsocks-Minimal-Crossplatform-Local.csproj", "{FE084EE1-4215-4FC0-94C1-DE5F91870D87}"
EndProject
Global
	GlobalSection(SolutionConfigurationPlatforms) = preSolution
		Debug|Any CPU = Debug|Any CPU
		Release|Any CPU = Release|Any CPU
	EndGlobalSection
	GlobalSection(ProjectConfigurationPlatforms) = postSolution
		{98E254E6-56C8-442D-BCE2-D4DEBF88FC61}.Debug|Any CPU.ActiveCfg = Debug|Any CPU
		{98E254E6-56C8-442D-BCE2-D4DEBF88FC61}.Debug|Any CPU.Build.0 = Debug|Any CPU
		{98E254E6-56C8-442D-BCE2-D4DEBF88FC61}.Release|Any CPU.ActiveCfg = Release|Any CPU
		{98E254E6-56C8-442D-BCE2-D4DEBF88FC61}.Release|Any CPU.Build.0 = Release|Any CPU
		{407960E1-7A71-4378-89D5-87B2D957F851}.Debug|Any CPU.ActiveCfg = Debug|Any CPU
		{407960E1-7A71-4378-89D5-87B2D957F851}.Debug|Any CPU.Build.0 = Debug|Any CPU
		{407960E1-7A71-4378-89D5-87B2D957F851}.Release|Any CPU.ActiveCfg = Release|Any CPU
		{407960E1-7A71-4378-89D5-87B2D957F851}.Release|Any CPU.Build.0 = Release|Any CPU
		{7570133C-F669-41E2-9F79-EF5D4CAF4225}.Debug|Any CPU.ActiveCfg = Debug|Any CPU
		{7570133C-F669-41E2-9F79-EF5D4CAF4225}.Debug|Any CPU.Build.0 = Debug|Any CPU
		{7570133C-F669-41E2-9F79-EF5D4CAF4225}.Release|Any CPU.ActiveCfg = Release|Any CPU
		{7570133C-F669-41E2-9F79-EF5D4CAF4225}.Release|Any CPU.Build.0 = Release|Any CPU
		{D12EAD12-A05B-4608-B63B-A6B1D9EEA9D0}.Debug|Any CPU.ActiveCfg = Debug|Any CPU
		{D12EAD12-A05B-4608-B63B-A6B1D9EEA9D0}.Debug|Any CPU.Build.0 = Debug|Any CPU
		{D12EAD12-A05B-4608-B63B-A6B1D9EEA9D0}.Release|Any CPU.ActiveCfg = Release|Any CPU
		{D12EAD12-A05B-4608-B63B-A6B1D9EEA9D0}.Release|Any CPU.Build.0 = Release|Any CPU
		{FE084EE1-4215-4FC0-94C1-DE5F91870D87}.Debug|Any CPU.ActiveCfg = Debug|Any CPU
		{FE084EE1-4215-4FC0-94C1-DE5F91870D87}.Debug|Any CPU.Build.0 = Debug|Any CPU
		{FE084EE1-4215-4FC0-94C1-DE5F91870D87}.Release|Any CPU.ActiveCfg = Release|Any CPU
		{FE084EE1-4215-4FC0-94C1-DE5F91870D87}.Release|Any CPU.Build.0 = Release|Any CPU
	EndGlobalSection
	GlobalSection(SolutionProperties) = preSolution
		HideSolutionNode = FALSE
	EndGlobalSection
	GlobalSection(ExtensibilityGlobals) = postSolution
		SolutionGuid = {C637C6B6-CCCB-4A6F-80B2-0D8C25BB4CCC}
	EndGlobalSection
EndGlobal
